hash: 82651ef978382e3b71b38f8d0bdf4c49222a1749f14d89a7a2e077d566b88398
updated: 2019-01-17T18:36:48.9842973-02:00
imports:
- name: github.com/go-chi/chi
  version: e95203758b2a6ec24a8e97124d5719ffe5ec1374
  subpackages:
  - middleware
- name: github.com/go-chi/render
  version: 3215478343fbc559bd3fc08f7031bb134d6bdad5
- name: github.com/go-sql-driver/mysql
  version: 72cd26f257d44c1114970e19afddcd812016007e
- name: github.com/gocraft/dbr
  version: 042fe86dc2daa9684f746ab337971e84147e8856
  subpackages:
  - dialect
- name: github.com/google/gops
  version: 89672dbe3c4ba97d53af7e839e8097e1ccbb4977
  subpackages:
  - agent
  - internal
  - signal
- name: github.com/guregu/null
  version: 80515d440932108546bcade467bb7d6968e812e2
- name: github.com/kardianos/osext
  version: ae77be60afb1dcacde03767a8c37337fad28ac14
- name: github.com/kelseyhightower/envconfig
  version: f611eb38b3875cc3bd991ca91c51d06446afa14c
- name: github.com/konsorten/go-windows-terminal-sequences
  version: 5c8c8bd35d3832f5d134ae1e1e375b69a4d25242
- name: github.com/satori/go.uuid
  version: f58768cc1a7a7e77a3bd49e98cdd21419399b6a3
- name: github.com/sirupsen/logrus
  version: e1e72e9de974bd926e5c56f83753fba2df402ce5
- name: github.com/subosito/gotenv
  version: 69b5b6104433beb2cb9c3ce00bdadf3c7c2d3f34
- name: golang.org/x/crypto
  version: ff983b9c42bc9fbf91556e191cc8efb585c16908
  subpackages:
  - ssh/terminal
- name: golang.org/x/sys
  version: 11f53e03133963fb11ae0588e08b5e0b85be8be5
  subpackages:
  - unix
  - windows
- name: google.golang.org/appengine
  version: e9657d882bb81064595ca3b56cbe2546bbabf7b1
  subpackages:
  - cloudsql
testImports: []
